
Microsoft Visual Studio Solution File, Format Version 12.00
# Visual Studio 15
VisualStudioVersion = 15.0.27130.2010
MinimumVisualStudioVersion = 10.0.40219.1
Project("{FAE04EC0-301F-11D3-BF4B-00C04F79EFBC}") = "ITIAspOnlineExams", "ITIAspOnlineExams\ITIAspOnlineExams.csproj", "{5287F4C6-C710-4FC6-80D0-38DE1009949D}"
EndProject
Global
	GlobalSection(SolutionConfigurationPlatforms) = preSolution
		Debug|Any CPU = Debug|Any CPU
		Release|Any CPU = Release|Any CPU
	EndGlobalSection
	GlobalSection(ProjectConfigurationPlatforms) = postSolution
		{5287F4C6-C710-4FC6-80D0-38DE1009949D}.Debug|Any CPU.ActiveCfg = Debug|Any CPU
		{5287F4C6-C710-4FC6-80D0-38DE1009949D}.Debug|Any CPU.Build.0 = Debug|Any CPU
		{5287F4C6-C710-4FC6-80D0-38DE1009949D}.Release|Any CPU.ActiveCfg = Release|Any CPU
		{5287F4C6-C710-4FC6-80D0-38DE1009949D}.Release|Any CPU.Build.0 = Release|Any CPU
	EndGlobalSection
	GlobalSection(SolutionProperties) = preSolution
		HideSolutionNode = FALSE
	EndGlobalSection
	GlobalSection(ExtensibilityGlobals) = postSolution
		SolutionGuid = {11172EFB-36F5-4A30-953A-4C8916B776BB}
	EndGlobalSection
EndGlobal
